
Microsoft Visual Studio Solution File, Format Version 12.00
# Visual Studio Version 17
VisualStudioVersion = 17.5.2.0
MinimumVisualStudioVersion = 10.0.40219.1
Project("{2150E333-8FDC-42A3-9474-1A3956D46DE8}") = "MauiApp", "MauiApp", "{BC2CE3E8-DE32-A3D1-C3D4-1D3B25D265AB}"
EndProject
Project("{FAE04EC0-301F-11D3-BF4B-00C04F79EFBC}") = "SimpleEventsCalenderApp", "MauiApp\SimpleEventsCalenderApp.csproj", "{4BA01C2F-3972-CB1E-9657-9363D9C9A6BE}"
EndProject
Project("{FAE04EC0-301F-11D3-BF4B-00C04F79EFBC}") = "SimpleEventsCalenderTvOS", "SimpleEventsCalenderTvOS\SimpleEventsCalenderTvOS.csproj", "{268B2204-1BE5-4B55-8AE3-82D2765221F6}"
EndProject
Global
	GlobalSection(SolutionConfigurationPlatforms) = preSolution
		Debug|Any CPU = Debug|Any CPU
		Debug|x64 = Debug|x64
		Debug|x86 = Debug|x86
		Release|Any CPU = Release|Any CPU
		Release|x64 = Release|x64
		Release|x86 = Release|x86
	EndGlobalSection
	GlobalSection(ProjectConfigurationPlatforms) = postSolution
		{4BA01C2F-3972-CB1E-9657-9363D9C9A6BE}.Debug|Any CPU.ActiveCfg = Debug|Any CPU
		{4BA01C2F-3972-CB1E-9657-9363D9C9A6BE}.Debug|Any CPU.Build.0 = Debug|Any CPU
		{4BA01C2F-3972-CB1E-9657-9363D9C9A6BE}.Debug|x64.ActiveCfg = Debug|Any CPU
		{4BA01C2F-3972-CB1E-9657-9363D9C9A6BE}.Debug|x64.Build.0 = Debug|Any CPU
		{4BA01C2F-3972-CB1E-9657-9363D9C9A6BE}.Debug|x86.ActiveCfg = Debug|Any CPU
		{4BA01C2F-3972-CB1E-9657-9363D9C9A6BE}.Debug|x86.Build.0 = Debug|Any CPU
		{4BA01C2F-3972-CB1E-9657-9363D9C9A6BE}.Release|Any CPU.ActiveCfg = Release|Any CPU
		{4BA01C2F-3972-CB1E-9657-9363D9C9A6BE}.Release|Any CPU.Build.0 = Release|Any CPU
		{4BA01C2F-3972-CB1E-9657-9363D9C9A6BE}.Release|x64.ActiveCfg = Release|Any CPU
		{4BA01C2F-3972-CB1E-9657-9363D9C9A6BE}.Release|x64.Build.0 = Release|Any CPU
		{4BA01C2F-3972-CB1E-9657-9363D9C9A6BE}.Release|x86.ActiveCfg = Release|Any CPU
		{4BA01C2F-3972-CB1E-9657-9363D9C9A6BE}.Release|x86.Build.0 = Release|Any CPU
		{268B2204-1BE5-4B55-8AE3-82D2765221F6}.Debug|Any CPU.ActiveCfg = Debug|Any CPU
		{268B2204-1BE5-4B55-8AE3-82D2765221F6}.Debug|Any CPU.Build.0 = Debug|Any CPU
		{268B2204-1BE5-4B55-8AE3-82D2765221F6}.Debug|x64.ActiveCfg = Debug|Any CPU
		{268B2204-1BE5-4B55-8AE3-82D2765221F6}.Debug|x64.Build.0 = Debug|Any CPU
		{268B2204-1BE5-4B55-8AE3-82D2765221F6}.Debug|x86.ActiveCfg = Debug|Any CPU
		{268B2204-1BE5-4B55-8AE3-82D2765221F6}.Debug|x86.Build.0 = Debug|Any CPU
		{268B2204-1BE5-4B55-8AE3-82D2765221F6}.Release|Any CPU.ActiveCfg = Release|Any CPU
		{268B2204-1BE5-4B55-8AE3-82D2765221F6}.Release|Any CPU.Build.0 = Release|Any CPU
		{268B2204-1BE5-4B55-8AE3-82D2765221F6}.Release|x64.ActiveCfg = Release|Any CPU
		{268B2204-1BE5-4B55-8AE3-82D2765221F6}.Release|x64.Build.0 = Release|Any CPU
		{268B2204-1BE5-4B55-8AE3-82D2765221F6}.Release|x86.ActiveCfg = Release|Any CPU
		{268B2204-1BE5-4B55-8AE3-82D2765221F6}.Release|x86.Build.0 = Release|Any CPU
	EndGlobalSection
	GlobalSection(SolutionProperties) = preSolution
		HideSolutionNode = FALSE
	EndGlobalSection
	GlobalSection(NestedProjects) = preSolution
		{4BA01C2F-3972-CB1E-9657-9363D9C9A6BE} = {BC2CE3E8-DE32-A3D1-C3D4-1D3B25D265AB}
	EndGlobalSection
	GlobalSection(ExtensibilityGlobals) = postSolution
		SolutionGuid = {8727F51F-3DF0-484E-AE79-89EAEBD1F6A0}
	EndGlobalSection
EndGlobal
